
Microsoft Visual Studio Solution File, Format Version 12.00
# Visual Studio Version 16
VisualStudioVersion = 16.0.30717.126
MinimumVisualStudioVersion = 10.0.40219.1
Project("{FAE04EC0-301F-11D3-BF4B-00C04F79EFBC}") = "Udemy.WFUI", "Udemy.WFUI\Udemy.WFUI.csproj", "{3DC8B444-BAC0-4D4E-B795-A3DBAB9F4E68}"
EndProject
Project("{FAE04EC0-301F-11D3-BF4B-00C04F79EFBC}") = "Udemy.Core", "Udemy.Core\Udemy.Core.csproj", "{3DB92E3C-21B2-424F-9B77-D5BFF558CDF1}"
EndProject
Project("{FAE04EC0-301F-11D3-BF4B-00C04F79EFBC}") = "Udemy.BLL", "Udemy.BLL\Udemy.BLL.csproj", "{894E7A2B-0972-4B2E-9D03-D94A4898F513}"
EndProject
Project("{FAE04EC0-301F-11D3-BF4B-00C04F79EFBC}") = "Udemy.Entities", "Udemy.Entities\Udemy.Entities.csproj", "{337692B6-8BA5-49F6-B440-5A847BEDFAE4}"
EndProject
Global
	GlobalSection(SolutionConfigurationPlatforms) = preSolution
		Debug|Any CPU = Debug|Any CPU
		Release|Any CPU = Release|Any CPU
	EndGlobalSection
	GlobalSection(ProjectConfigurationPlatforms) = postSolution
		{3DC8B444-BAC0-4D4E-B795-A3DBAB9F4E68}.Debug|Any CPU.ActiveCfg = Debug|Any CPU
		{3DC8B444-BAC0-4D4E-B795-A3DBAB9F4E68}.Debug|Any CPU.Build.0 = Debug|Any CPU
		{3DC8B444-BAC0-4D4E-B795-A3DBAB9F4E68}.Release|Any CPU.ActiveCfg = Release|Any CPU
		{3DC8B444-BAC0-4D4E-B795-A3DBAB9F4E68}.Release|Any CPU.Build.0 = Release|Any CPU
		{3DB92E3C-21B2-424F-9B77-D5BFF558CDF1}.Debug|Any CPU.ActiveCfg = Debug|Any CPU
		{3DB92E3C-21B2-424F-9B77-D5BFF558CDF1}.Debug|Any CPU.Build.0 = Debug|Any CPU
		{3DB92E3C-21B2-424F-9B77-D5BFF558CDF1}.Release|Any CPU.ActiveCfg = Release|Any CPU
		{3DB92E3C-21B2-424F-9B77-D5BFF558CDF1}.Release|Any CPU.Build.0 = Release|Any CPU
		{894E7A2B-0972-4B2E-9D03-D94A4898F513}.Debug|Any CPU.ActiveCfg = Debug|Any CPU
		{894E7A2B-0972-4B2E-9D03-D94A4898F513}.Debug|Any CPU.Build.0 = Debug|Any CPU
		{894E7A2B-0972-4B2E-9D03-D94A4898F513}.Release|Any CPU.ActiveCfg = Release|Any CPU
		{894E7A2B-0972-4B2E-9D03-D94A4898F513}.Release|Any CPU.Build.0 = Release|Any CPU
		{337692B6-8BA5-49F6-B440-5A847BEDFAE4}.Debug|Any CPU.ActiveCfg = Debug|Any CPU
		{337692B6-8BA5-49F6-B440-5A847BEDFAE4}.Debug|Any CPU.Build.0 = Debug|Any CPU
		{337692B6-8BA5-49F6-B440-5A847BEDFAE4}.Release|Any CPU.ActiveCfg = Release|Any CPU
		{337692B6-8BA5-49F6-B440-5A847BEDFAE4}.Release|Any CPU.Build.0 = Release|Any CPU
	EndGlobalSection
	GlobalSection(SolutionProperties) = preSolution
		HideSolutionNode = FALSE
	EndGlobalSection
	GlobalSection(ExtensibilityGlobals) = postSolution
		SolutionGuid = {53C70C9E-43A2-43BB-A11F-FCF3F7BA1BC9}
	EndGlobalSection
EndGlobal
